
Microsoft Visual Studio Solution File, Format Version 12.00
# Visual Studio Version 16
VisualStudioVersion = 16.0.31005.135
MinimumVisualStudioVersion = 10.0.40219.1
Project("{FAE04EC0-301F-11D3-BF4B-00C04F79EFBC}") = "FitnessClubManagement.CRUD.API", "FitnessClubManagement.CRUD.API\FitnessClubManagement.CRUD.API.csproj", "{54C485AD-6BE7-4ECF-9CD4-BC93C37EC2E0}"
EndProject
Project("{FAE04EC0-301F-11D3-BF4B-00C04F79EFBC}") = "FCManagement.DAL.ABSTRACT", "FCManagement.DAL.ABSTRACT\FCManagement.DAL.ABSTRACT.csproj", "{4796ABC6-2F1F-4681-B66D-739870DCB6DE}"
EndProject
Project("{FAE04EC0-301F-11D3-BF4B-00C04F79EFBC}") = "FCManagement.Entities", "FCManagement.Entities\FCManagement.Entities.csproj", "{AEC5477E-2AF1-4E48-B28F-C4D2DF74B37F}"
EndProject
Project("{FAE04EC0-301F-11D3-BF4B-00C04F79EFBC}") = "FCManagement.DAL.IMPL", "FCManagement.DAL.IMPL\FCManagement.DAL.IMPL.csproj", "{58DD4942-37E2-4D09-9D43-2D65BD5BA3D6}"
EndProject
Project("{FAE04EC0-301F-11D3-BF4B-00C04F79EFBC}") = "FCManagement.BL.ABSTRACT", "FCManagement.BL.ABSTRACT\FCManagement.BL.ABSTRACT.csproj", "{4D894AAA-5DFE-4FEA-A152-6BFB1F419A3E}"
EndProject
Project("{FAE04EC0-301F-11D3-BF4B-00C04F79EFBC}") = "FCManagement.Models", "FCManagement.Models\FCManagement.Models.csproj", "{DF522477-E0B2-4056-AA14-722C3A49EE2A}"
EndProject
Project("{FAE04EC0-301F-11D3-BF4B-00C04F79EFBC}") = "FCManagement.BL.IMPL", "FCManagement.BL.IMPL\FCManagement.BL.IMPL.csproj", "{70738762-1F60-4197-A96A-E60621612447}"
EndProject
Global
	GlobalSection(SolutionConfigurationPlatforms) = preSolution
		Debug|Any CPU = Debug|Any CPU
		Release|Any CPU = Release|Any CPU
	EndGlobalSection
	GlobalSection(ProjectConfigurationPlatforms) = postSolution
		{54C485AD-6BE7-4ECF-9CD4-BC93C37EC2E0}.Debug|Any CPU.ActiveCfg = Debug|Any CPU
		{54C485AD-6BE7-4ECF-9CD4-BC93C37EC2E0}.Debug|Any CPU.Build.0 = Debug|Any CPU
		{54C485AD-6BE7-4ECF-9CD4-BC93C37EC2E0}.Release|Any CPU.ActiveCfg = Release|Any CPU
		{54C485AD-6BE7-4ECF-9CD4-BC93C37EC2E0}.Release|Any CPU.Build.0 = Release|Any CPU
		{4796ABC6-2F1F-4681-B66D-739870DCB6DE}.Debug|Any CPU.ActiveCfg = Debug|Any CPU
		{4796ABC6-2F1F-4681-B66D-739870DCB6DE}.Debug|Any CPU.Build.0 = Debug|Any CPU
		{4796ABC6-2F1F-4681-B66D-739870DCB6DE}.Release|Any CPU.ActiveCfg = Release|Any CPU
		{4796ABC6-2F1F-4681-B66D-739870DCB6DE}.Release|Any CPU.Build.0 = Release|Any CPU
		{AEC5477E-2AF1-4E48-B28F-C4D2DF74B37F}.Debug|Any CPU.ActiveCfg = Debug|Any CPU
		{AEC5477E-2AF1-4E48-B28F-C4D2DF74B37F}.Debug|Any CPU.Build.0 = Debug|Any CPU
		{AEC5477E-2AF1-4E48-B28F-C4D2DF74B37F}.Release|Any CPU.ActiveCfg = Release|Any CPU
		{AEC5477E-2AF1-4E48-B28F-C4D2DF74B37F}.Release|Any CPU.Build.0 = Release|Any CPU
		{58DD4942-37E2-4D09-9D43-2D65BD5BA3D6}.Debug|Any CPU.ActiveCfg = Debug|Any CPU
		{58DD4942-37E2-4D09-9D43-2D65BD5BA3D6}.Debug|Any CPU.Build.0 = Debug|Any CPU
		{58DD4942-37E2-4D09-9D43-2D65BD5BA3D6}.Release|Any CPU.ActiveCfg = Release|Any CPU
		{58DD4942-37E2-4D09-9D43-2D65BD5BA3D6}.Release|Any CPU.Build.0 = Release|Any CPU
		{4D894AAA-5DFE-4FEA-A152-6BFB1F419A3E}.Debug|Any CPU.ActiveCfg = Debug|Any CPU
		{4D894AAA-5DFE-4FEA-A152-6BFB1F419A3E}.Debug|Any CPU.Build.0 = Debug|Any CPU
		{4D894AAA-5DFE-4FEA-A152-6BFB1F419A3E}.Release|Any CPU.ActiveCfg = Release|Any CPU
		{4D894AAA-5DFE-4FEA-A152-6BFB1F419A3E}.Release|Any CPU.Build.0 = Release|Any CPU
		{DF522477-E0B2-4056-AA14-722C3A49EE2A}.Debug|Any CPU.ActiveCfg = Debug|Any CPU
		{DF522477-E0B2-4056-AA14-722C3A49EE2A}.Debug|Any CPU.Build.0 = Debug|Any CPU
		{DF522477-E0B2-4056-AA14-722C3A49EE2A}.Release|Any CPU.ActiveCfg = Release|Any CPU
		{DF522477-E0B2-4056-AA14-722C3A49EE2A}.Release|Any CPU.Build.0 = Release|Any CPU
		{70738762-1F60-4197-A96A-E60621612447}.Debug|Any CPU.ActiveCfg = Debug|Any CPU
		{70738762-1F60-4197-A96A-E60621612447}.Debug|Any CPU.Build.0 = Debug|Any CPU
		{70738762-1F60-4197-A96A-E60621612447}.Release|Any CPU.ActiveCfg = Release|Any CPU
		{70738762-1F60-4197-A96A-E60621612447}.Release|Any CPU.Build.0 = Release|Any CPU
	EndGlobalSection
	GlobalSection(SolutionProperties) = preSolution
		HideSolutionNode = FALSE
	EndGlobalSection
	GlobalSection(ExtensibilityGlobals) = postSolution
		SolutionGuid = {FC9B1ADE-8ACF-44CE-89D0-59241B949E45}
	EndGlobalSection
EndGlobal
